
Microsoft Visual Studio Solution File, Format Version 12.00
# Visual Studio Version 16
VisualStudioVersion = 16.0.30011.22
MinimumVisualStudioVersion = 10.0.40219.1
Project("{FAE04EC0-301F-11D3-BF4B-00C04F79EFBC}") = "WarpDrive", "Source\WarpDrive.csproj", "{2AEB20C7-A498-480A-A8E7-6DEF4D731274}"
EndProject
Project("{2150E333-8FDC-42A3-9474-1A3956D46DE8}") = "Solution Items", "Solution Items", "{4B2E1018-3007-4720-9180-BE7592B83AE7}"
	ProjectSection(SolutionItems) = preProject
		buildRelease.bat = buildRelease.bat
		Changelog.txt = Changelog.txt
		deploy.bat = deploy.bat
		jenkins.txt = jenkins.txt
		LICENSE.md = LICENSE.md
		README.md = README.md
		WarpDrive.version = WarpDrive.version
	EndProjectSection
EndProject
Project("{2150E333-8FDC-42A3-9474-1A3956D46DE8}") = "Parts", "Parts", "{856CDFD3-747C-48E0-A52A-50854A3FEEFE}"
	ProjectSection(SolutionItems) = preProject
		GameData\WarpDrive\Patches\B9PartSwitch.cfg = GameData\WarpDrive\Patches\B9PartSwitch.cfg
		GameData\WarpDrive\Patches\CTT.cfg = GameData\WarpDrive\Patches\CTT.cfg
		GameData\WarpDrive\Patches\PartUpgrades.cfg = GameData\WarpDrive\Patches\PartUpgrades.cfg
		GameData\WarpDrive\Parts\WarpDrive\WarpDrive-50.cfg = GameData\WarpDrive\Parts\WarpDrive\WarpDrive-50.cfg
		GameData\WarpDrive\Parts\WarpDrive\WarpDrive.cfg = GameData\WarpDrive\Parts\WarpDrive\WarpDrive.cfg
	EndProjectSection
EndProject
Project("{2150E333-8FDC-42A3-9474-1A3956D46DE8}") = "Localization", "Localization", "{B1190750-25C9-469D-92B9-9534DF9D23DE}"
	ProjectSection(SolutionItems) = preProject
		GameData\WarpDrive\Localization\en-us.cfg = GameData\WarpDrive\Localization\en-us.cfg
	EndProjectSection
EndProject
Global
	GlobalSection(SolutionConfigurationPlatforms) = preSolution
		Debug|Any CPU = Debug|Any CPU
		Release|Any CPU = Release|Any CPU
	EndGlobalSection
	GlobalSection(ProjectConfigurationPlatforms) = postSolution
		{2AEB20C7-A498-480A-A8E7-6DEF4D731274}.Debug|Any CPU.ActiveCfg = Debug|Any CPU
		{2AEB20C7-A498-480A-A8E7-6DEF4D731274}.Debug|Any CPU.Build.0 = Debug|Any CPU
		{2AEB20C7-A498-480A-A8E7-6DEF4D731274}.Release|Any CPU.ActiveCfg = Release|Any CPU
		{2AEB20C7-A498-480A-A8E7-6DEF4D731274}.Release|Any CPU.Build.0 = Release|Any CPU
	EndGlobalSection
	GlobalSection(SolutionProperties) = preSolution
		HideSolutionNode = FALSE
	EndGlobalSection
	GlobalSection(ExtensibilityGlobals) = postSolution
		SolutionGuid = {48F487AA-14AA-45BD-927D-C6E7C23F6B3C}
	EndGlobalSection
EndGlobal
